
Microsoft Visual Studio Solution File, Format Version 12.00
# Visual Studio Version 16
VisualStudioVersion = 16.0.30907.101
MinimumVisualStudioVersion = 10.0.40219.1
Project("{FAE04EC0-301F-11D3-BF4B-00C04F79EFBC}") = "Software de Gestión Rural de Agua", "WilianMiranda01\Software de Gestión Rural de Agua.csproj", "{2848FE0E-CFAA-43BB-B31E-DBFF5D86168D}"
EndProject
Global
	GlobalSection(SolutionConfigurationPlatforms) = preSolution
		Debug|Any CPU = Debug|Any CPU
		Release|Any CPU = Release|Any CPU
	EndGlobalSection
	GlobalSection(ProjectConfigurationPlatforms) = postSolution
		{2848FE0E-CFAA-43BB-B31E-DBFF5D86168D}.Debug|Any CPU.ActiveCfg = Debug|Any CPU
		{2848FE0E-CFAA-43BB-B31E-DBFF5D86168D}.Debug|Any CPU.Build.0 = Debug|Any CPU
		{2848FE0E-CFAA-43BB-B31E-DBFF5D86168D}.Release|Any CPU.ActiveCfg = Release|Any CPU
		{2848FE0E-CFAA-43BB-B31E-DBFF5D86168D}.Release|Any CPU.Build.0 = Release|Any CPU
	EndGlobalSection
	GlobalSection(SolutionProperties) = preSolution
		HideSolutionNode = FALSE
	EndGlobalSection
	GlobalSection(ExtensibilityGlobals) = postSolution
		SolutionGuid = {E16A2AED-6B71-4AB4-90D1-ECC0FAFCF64F}
	EndGlobalSection
EndGlobal
