
Microsoft Visual Studio Solution File, Format Version 12.00
# Visual Studio Version 17
VisualStudioVersion = 17.2.32616.157
MinimumVisualStudioVersion = 10.0.40219.1
Project("{FAE04EC0-301F-11D3-BF4B-00C04F79EFBC}") = "ACAPOLAMI", "ACAPOLAMI\ACAPOLAMI.csproj", "{99074BA1-F279-43E6-95E4-A6C84AC4D2DD}"
EndProject
Global
	GlobalSection(SolutionConfigurationPlatforms) = preSolution
		Debug|Any CPU = Debug|Any CPU
		Release|Any CPU = Release|Any CPU
	EndGlobalSection
	GlobalSection(ProjectConfigurationPlatforms) = postSolution
		{99074BA1-F279-43E6-95E4-A6C84AC4D2DD}.Debug|Any CPU.ActiveCfg = Debug|Any CPU
		{99074BA1-F279-43E6-95E4-A6C84AC4D2DD}.Debug|Any CPU.Build.0 = Debug|Any CPU
		{99074BA1-F279-43E6-95E4-A6C84AC4D2DD}.Release|Any CPU.ActiveCfg = Release|Any CPU
		{99074BA1-F279-43E6-95E4-A6C84AC4D2DD}.Release|Any CPU.Build.0 = Release|Any CPU
	EndGlobalSection
	GlobalSection(SolutionProperties) = preSolution
		HideSolutionNode = FALSE
	EndGlobalSection
	GlobalSection(ExtensibilityGlobals) = postSolution
		SolutionGuid = {63F975E0-5A42-498E-9404-58644385DA56}
	EndGlobalSection
EndGlobal
